
Microsoft Visual Studio Solution File, Format Version 12.00
# Visual Studio 14
VisualStudioVersion = 14.0.25420.1
MinimumVisualStudioVersion = 10.0.40219.1
Project("{2150E333-8FDC-42A3-9474-1A3956D46DE8}") = "src", "src", "{7B5B81E7-88C1-469C-BA54-659B4B183CDB}"
EndProject
Project("{2150E333-8FDC-42A3-9474-1A3956D46DE8}") = "Solution Items", "Solution Items", "{C0FBC9EF-4ACA-4414-983C-AD1ED0FA2951}"
	ProjectSection(SolutionItems) = preProject
		global.json = global.json
	EndProjectSection
EndProject
Project("{8BB2217D-0F2D-49D1-97BC-3654ED321F3B}") = "PokemonGo.RocketAPI.NETCore", "src\PokemonGo.RocketAPI.NETCore\PokemonGo.RocketAPI.NETCore.xproj", "{0F6A2711-1C64-4161-949D-7B9A2A163456}"
EndProject
Project("{8BB2217D-0F2D-49D1-97BC-3654ED321F3B}") = "GPSOAuthSharp.NetCore", "..\GPSOAuthSharp.NetCore\src\GPSOAuthSharp.NetCore\GPSOAuthSharp.NetCore.xproj", "{880B56C5-C08E-4E1E-B3B7-C52A8939807C}"
EndProject
Global
	GlobalSection(SolutionConfigurationPlatforms) = preSolution
		Debug|Any CPU = Debug|Any CPU
		Release|Any CPU = Release|Any CPU
	EndGlobalSection
	GlobalSection(ProjectConfigurationPlatforms) = postSolution
		{0F6A2711-1C64-4161-949D-7B9A2A163456}.Debug|Any CPU.ActiveCfg = Debug|Any CPU
		{0F6A2711-1C64-4161-949D-7B9A2A163456}.Debug|Any CPU.Build.0 = Debug|Any CPU
		{0F6A2711-1C64-4161-949D-7B9A2A163456}.Release|Any CPU.ActiveCfg = Release|Any CPU
		{0F6A2711-1C64-4161-949D-7B9A2A163456}.Release|Any CPU.Build.0 = Release|Any CPU
		{880B56C5-C08E-4E1E-B3B7-C52A8939807C}.Debug|Any CPU.ActiveCfg = Debug|Any CPU
		{880B56C5-C08E-4E1E-B3B7-C52A8939807C}.Debug|Any CPU.Build.0 = Debug|Any CPU
		{880B56C5-C08E-4E1E-B3B7-C52A8939807C}.Release|Any CPU.ActiveCfg = Release|Any CPU
		{880B56C5-C08E-4E1E-B3B7-C52A8939807C}.Release|Any CPU.Build.0 = Release|Any CPU
	EndGlobalSection
	GlobalSection(SolutionProperties) = preSolution
		HideSolutionNode = FALSE
	EndGlobalSection
	GlobalSection(NestedProjects) = preSolution
		{0F6A2711-1C64-4161-949D-7B9A2A163456} = {7B5B81E7-88C1-469C-BA54-659B4B183CDB}
	EndGlobalSection
EndGlobal
